// !$*UTF8*$!
{
	archiveVersion = 1;
	classes = {
	};
	objectVersion = 56;
	objects = {

/* Begin PBXBuildFile section */
		4136EBF52A82C85B006525C8 /* Kingfisher in Frameworks */ = {isa = PBXBuildFile; productRef = 4136EBF42A82C85B006525C8 /* Kingfisher */; };
		413F882B2A84267A000AFFB5 /* HistoryViewController.swift in Sources */ = {isa = PBXBuildFile; fileRef = 413F882A2A84267A000AFFB5 /* HistoryViewController.swift */; };
		413F882D2A8427B7000AFFB5 /* Order.swift in Sources */ = {isa = PBXBuildFile; fileRef = 413F882C2A8427B7000AFFB5 /* Order.swift */; };
		413F882F2A842869000AFFB5 /* OrderCell.swift in Sources */ = {isa = PBXBuildFile; fileRef = 413F882E2A842869000AFFB5 /* OrderCell.swift */; };
		413F88312A8435A1000AFFB5 /* SectionHeader.swift in Sources */ = {isa = PBXBuildFile; fileRef = 413F88302A8435A1000AFFB5 /* SectionHeader.swift */; };
		413F88342A8436C3000AFFB5 /* InfoViewController.swift in Sources */ = {isa = PBXBuildFile; fileRef = 413F88332A8436C3000AFFB5 /* InfoViewController.swift */; };
		413F88362A8439CA000AFFB5 /* CustomButton.swift in Sources */ = {isa = PBXBuildFile; fileRef = 413F88352A8439CA000AFFB5 /* CustomButton.swift */; };
		414D3F882A7D515F006BCC53 /* AppDelegate.swift in Sources */ = {isa = PBXBuildFile; fileRef = 414D3F872A7D515F006BCC53 /* AppDelegate.swift */; };
		414D3F8A2A7D515F006BCC53 /* SceneDelegate.swift in Sources */ = {isa = PBXBuildFile; fileRef = 414D3F892A7D515F006BCC53 /* SceneDelegate.swift */; };
		414D3F8C2A7D515F006BCC53 /* MainViewController.swift in Sources */ = {isa = PBXBuildFile; fileRef = 414D3F8B2A7D515F006BCC53 /* MainViewController.swift */; };
		414D3F8F2A7D515F006BCC53 /* Main.storyboard in Resources */ = {isa = PBXBuildFile; fileRef = 414D3F8D2A7D515F006BCC53 /* Main.storyboard */; };
		414D3F912A7D5160006BCC53 /* Assets.xcassets in Resources */ = {isa = PBXBuildFile; fileRef = 414D3F902A7D5160006BCC53 /* Assets.xcassets */; };
		414D3F942A7D5160006BCC53 /* LaunchScreen.storyboard in Resources */ = {isa = PBXBuildFile; fileRef = 414D3F922A7D5160006BCC53 /* LaunchScreen.storyboard */; };
		414D3F9D2A7D5C3C006BCC53 /* SnapKit in Frameworks */ = {isa = PBXBuildFile; productRef = 414D3F9C2A7D5C3C006BCC53 /* SnapKit */; };
		414D3F9F2A7D5CC4006BCC53 /* TabBarController.swift in Sources */ = {isa = PBXBuildFile; fileRef = 414D3F9E2A7D5CC4006BCC53 /* TabBarController.swift */; };
		414D3FA32A7D5EA8006BCC53 /* CategoryCell.swift in Sources */ = {isa = PBXBuildFile; fileRef = 414D3FA22A7D5EA8006BCC53 /* CategoryCell.swift */; };
		414D3FA72A7D6CAA006BCC53 /* Category.swift in Sources */ = {isa = PBXBuildFile; fileRef = 414D3FA62A7D6CAA006BCC53 /* Category.swift */; };
		414D3FAD2A7D807A006BCC53 /* ViewModel.swift in Sources */ = {isa = PBXBuildFile; fileRef = 414D3FAC2A7D807A006BCC53 /* ViewModel.swift */; };
		414D3FAF2A7D8311006BCC53 /* NetworkMonitor.swift in Sources */ = {isa = PBXBuildFile; fileRef = 414D3FAE2A7D8311006BCC53 /* NetworkMonitor.swift */; };
		414D3FB52A7D9CC2006BCC53 /* CustomAlert.swift in Sources */ = {isa = PBXBuildFile; fileRef = 414D3FB42A7D9CC2006BCC53 /* CustomAlert.swift */; };
		41834D7C2A862B0000E04379 /* InfoLines.swift in Sources */ = {isa = PBXBuildFile; fileRef = 41834D7B2A862B0000E04379 /* InfoLines.swift */; };
		41834D7E2A8669A900E04379 /* ConfirmationVC.swift in Sources */ = {isa = PBXBuildFile; fileRef = 41834D7D2A8669A900E04379 /* ConfirmationVC.swift */; };
		41834D852A86A2F300E04379 /* OrderDemo.swift in Sources */ = {isa = PBXBuildFile; fileRef = 41834D842A86A2F300E04379 /* OrderDemo.swift */; };
		41834D882A86ABBA00E04379 /* Notification.Name .swift in Sources */ = {isa = PBXBuildFile; fileRef = 41834D872A86ABBA00E04379 /* Notification.Name .swift */; };
		41834D8A2A86BA3900E04379 /* BillVC.swift in Sources */ = {isa = PBXBuildFile; fileRef = 41834D892A86BA3900E04379 /* BillVC.swift */; };
		41834D8C2A86BAED00E04379 /* BillCell.swift in Sources */ = {isa = PBXBuildFile; fileRef = 41834D8B2A86BAED00E04379 /* BillCell.swift */; };
		41834D8E2A86C3E000E04379 /* GreenView.swift in Sources */ = {isa = PBXBuildFile; fileRef = 41834D8D2A86C3E000E04379 /* GreenView.swift */; };
		419482EC2A7E6EB700EE5F54 /* ProductsViewController.swift in Sources */ = {isa = PBXBuildFile; fileRef = 419482EB2A7E6EB700EE5F54 /* ProductsViewController.swift */; };
		419482EE2A7E6EDD00EE5F54 /* ProductCell.swift in Sources */ = {isa = PBXBuildFile; fileRef = 419482ED2A7E6EDC00EE5F54 /* ProductCell.swift */; };
		419482F42A7EA29200EE5F54 /* Product.swift in Sources */ = {isa = PBXBuildFile; fileRef = 419482F32A7EA29200EE5F54 /* Product.swift */; };
		419482F62A7EB02E00EE5F54 /* ProductViewModel.swift in Sources */ = {isa = PBXBuildFile; fileRef = 419482F52A7EB02E00EE5F54 /* ProductViewModel.swift */; };
		419482F82A7EB3EF00EE5F54 /* APICaller.swift in Sources */ = {isa = PBXBuildFile; fileRef = 419482F72A7EB3EF00EE5F54 /* APICaller.swift */; };
		419483012A7EEB3C00EE5F54 /* SegmentCollectionViewCell.swift in Sources */ = {isa = PBXBuildFile; fileRef = 419483002A7EEB3C00EE5F54 /* SegmentCollectionViewCell.swift */; };
		419483042A7EEBC100EE5F54 /* HeaderView.swift in Sources */ = {isa = PBXBuildFile; fileRef = 419483032A7EEBC100EE5F54 /* HeaderView.swift */; };
		419483062A7EEE4900EE5F54 /* Constants.swift in Sources */ = {isa = PBXBuildFile; fileRef = 419483052A7EEE4900EE5F54 /* Constants.swift */; };
		41C42C232A8037B3002F271B /* BasketManager.swift in Sources */ = {isa = PBXBuildFile; fileRef = 41C42C222A8037B3002F271B /* BasketManager.swift */; };
		41D6CF332A7FE4A500CCA963 /* ButtonPlusView.swift in Sources */ = {isa = PBXBuildFile; fileRef = 41D6CF322A7FE4A500CCA963 /* ButtonPlusView.swift */; };
		41D6CF362A801CC600CCA963 /* BasketViewController.swift in Sources */ = {isa = PBXBuildFile; fileRef = 41D6CF352A801CC600CCA963 /* BasketViewController.swift */; };
		41D6CF382A801E7E00CCA963 /* BasketCell.swift in Sources */ = {isa = PBXBuildFile; fileRef = 41D6CF372A801E7E00CCA963 /* BasketCell.swift */; };
/* End PBXBuildFile section */

/* Begin PBXFileReference section */
		413F882A2A84267A000AFFB5 /* HistoryViewController.swift */ = {isa = PBXFileReference; lastKnownFileType = sourcecode.swift; path = HistoryViewController.swift; sourceTree = "<group>"; };
		413F882C2A8427B7000AFFB5 /* Order.swift */ = {isa = PBXFileReference; lastKnownFileType = sourcecode.swift; path = Order.swift; sourceTree = "<group>"; };
		413F882E2A842869000AFFB5 /* OrderCell.swift */ = {isa = PBXFileReference; lastKnownFileType = sourcecode.swift; path = OrderCell.swift; sourceTree = "<group>"; };
		413F88302A8435A1000AFFB5 /* SectionHeader.swift */ = {isa = PBXFileReference; lastKnownFileType = sourcecode.swift; path = SectionHeader.swift; sourceTree = "<group>"; };
		413F88332A8436C3000AFFB5 /* InfoViewController.swift */ = {isa = PBXFileReference; lastKnownFileType = sourcecode.swift; path = InfoViewController.swift; sourceTree = "<group>"; };
		413F88352A8439CA000AFFB5 /* CustomButton.swift */ = {isa = PBXFileReference; lastKnownFileType = sourcecode.swift; path = CustomButton.swift; sourceTree = "<group>"; };
		414D3F842A7D515F006BCC53 /* EcoMarket.app */ = {isa = PBXFileReference; explicitFileType = wrapper.application; includeInIndex = 0; path = EcoMarket.app; sourceTree = BUILT_PRODUCTS_DIR; };
		414D3F872A7D515F006BCC53 /* AppDelegate.swift */ = {isa = PBXFileReference; lastKnownFileType = sourcecode.swift; path = AppDelegate.swift; sourceTree = "<group>"; };
		414D3F892A7D515F006BCC53 /* SceneDelegate.swift */ = {isa = PBXFileReference; lastKnownFileType = sourcecode.swift; path = SceneDelegate.swift; sourceTree = "<group>"; };
		414D3F8B2A7D515F006BCC53 /* MainViewController.swift */ = {isa = PBXFileReference; lastKnownFileType = sourcecode.swift; path = MainViewController.swift; sourceTree = "<group>"; };
		414D3F8E2A7D515F006BCC53 /* Base */ = {isa = PBXFileReference; lastKnownFileType = file.storyboard; name = Base; path = Base.lproj/Main.storyboard; sourceTree = "<group>"; };
		414D3F902A7D5160006BCC53 /* Assets.xcassets */ = {isa = PBXFileReference; lastKnownFileType = folder.assetcatalog; path = Assets.xcassets; sourceTree = "<group>"; };
		414D3F932A7D5160006BCC53 /* Base */ = {isa = PBXFileReference; lastKnownFileType = file.storyboard; name = Base; path = Base.lproj/LaunchScreen.storyboard; sourceTree = "<group>"; };
		414D3F952A7D5160006BCC53 /* Info.plist */ = {isa = PBXFileReference; lastKnownFileType = text.plist.xml; path = Info.plist; sourceTree = "<group>"; };
		414D3F9E2A7D5CC4006BCC53 /* TabBarController.swift */ = {isa = PBXFileReference; lastKnownFileType = sourcecode.swift; path = TabBarController.swift; sourceTree = "<group>"; };
		414D3FA22A7D5EA8006BCC53 /* CategoryCell.swift */ = {isa = PBXFileReference; lastKnownFileType = sourcecode.swift; path = CategoryCell.swift; sourceTree = "<group>"; };
		414D3FA62A7D6CAA006BCC53 /* Category.swift */ = {isa = PBXFileReference; lastKnownFileType = sourcecode.swift; path = Category.swift; sourceTree = "<group>"; };
		414D3FAC2A7D807A006BCC53 /* ViewModel.swift */ = {isa = PBXFileReference; lastKnownFileType = sourcecode.swift; path = ViewModel.swift; sourceTree = "<group>"; };
		414D3FAE2A7D8311006BCC53 /* NetworkMonitor.swift */ = {isa = PBXFileReference; lastKnownFileType = sourcecode.swift; path = NetworkMonitor.swift; sourceTree = "<group>"; };
		414D3FB42A7D9CC2006BCC53 /* CustomAlert.swift */ = {isa = PBXFileReference; lastKnownFileType = sourcecode.swift; path = CustomAlert.swift; sourceTree = "<group>"; };
		41834D7B2A862B0000E04379 /* InfoLines.swift */ = {isa = PBXFileReference; lastKnownFileType = sourcecode.swift; path = InfoLines.swift; sourceTree = "<group>"; };
		41834D7D2A8669A900E04379 /* ConfirmationVC.swift */ = {isa = PBXFileReference; lastKnownFileType = sourcecode.swift; path = ConfirmationVC.swift; sourceTree = "<group>"; };
		41834D842A86A2F300E04379 /* OrderDemo.swift */ = {isa = PBXFileReference; lastKnownFileType = sourcecode.swift; path = OrderDemo.swift; sourceTree = "<group>"; };
		41834D872A86ABBA00E04379 /* Notification.Name .swift */ = {isa = PBXFileReference; lastKnownFileType = sourcecode.swift; path = "Notification.Name .swift"; sourceTree = "<group>"; };
		41834D892A86BA3900E04379 /* BillVC.swift */ = {isa = PBXFileReference; lastKnownFileType = sourcecode.swift; path = BillVC.swift; sourceTree = "<group>"; };
		41834D8B2A86BAED00E04379 /* BillCell.swift */ = {isa = PBXFileReference; lastKnownFileType = sourcecode.swift; path = BillCell.swift; sourceTree = "<group>"; };
		41834D8D2A86C3E000E04379 /* GreenView.swift */ = {isa = PBXFileReference; lastKnownFileType = sourcecode.swift; path = GreenView.swift; sourceTree = "<group>"; };
		419482EB2A7E6EB700EE5F54 /* ProductsViewController.swift */ = {isa = PBXFileReference; lastKnownFileType = sourcecode.swift; path = ProductsViewController.swift; sourceTree = "<group>"; };
		419482ED2A7E6EDC00EE5F54 /* ProductCell.swift */ = {isa = PBXFileReference; lastKnownFileType = sourcecode.swift; path = ProductCell.swift; sourceTree = "<group>"; };
		419482F32A7EA29200EE5F54 /* Product.swift */ = {isa = PBXFileReference; lastKnownFileType = sourcecode.swift; path = Product.swift; sourceTree = "<group>"; };
		419482F52A7EB02E00EE5F54 /* ProductViewModel.swift */ = {isa = PBXFileReference; lastKnownFileType = sourcecode.swift; path = ProductViewModel.swift; sourceTree = "<group>"; };
		419482F72A7EB3EF00EE5F54 /* APICaller.swift */ = {isa = PBXFileReference; lastKnownFileType = sourcecode.swift; path = APICaller.swift; sourceTree = "<group>"; };
		419483002A7EEB3C00EE5F54 /* SegmentCollectionViewCell.swift */ = {isa = PBXFileReference; lastKnownFileType = sourcecode.swift; path = SegmentCollectionViewCell.swift; sourceTree = "<group>"; };
		419483032A7EEBC100EE5F54 /* HeaderView.swift */ = {isa = PBXFileReference; lastKnownFileType = sourcecode.swift; path = HeaderView.swift; sourceTree = "<group>"; };
		419483052A7EEE4900EE5F54 /* Constants.swift */ = {isa = PBXFileReference; lastKnownFileType = sourcecode.swift; path = Constants.swift; sourceTree = "<group>"; };
		41C42C222A8037B3002F271B /* BasketManager.swift */ = {isa = PBXFileReference; lastKnownFileType = sourcecode.swift; path = BasketManager.swift; sourceTree = "<group>"; };
		41D6CF322A7FE4A500CCA963 /* ButtonPlusView.swift */ = {isa = PBXFileReference; lastKnownFileType = sourcecode.swift; path = ButtonPlusView.swift; sourceTree = "<group>"; };
		41D6CF352A801CC600CCA963 /* BasketViewController.swift */ = {isa = PBXFileReference; lastKnownFileType = sourcecode.swift; path = BasketViewController.swift; sourceTree = "<group>"; };
		41D6CF372A801E7E00CCA963 /* BasketCell.swift */ = {isa = PBXFileReference; lastKnownFileType = sourcecode.swift; path = BasketCell.swift; sourceTree = "<group>"; };
/* End PBXFileReference section */

/* Begin PBXFrameworksBuildPhase section */
		414D3F812A7D515F006BCC53 /* Frameworks */ = {
			isa = PBXFrameworksBuildPhase;
			buildActionMask = 2147483647;
			files = (
				4136EBF52A82C85B006525C8 /* Kingfisher in Frameworks */,
				414D3F9D2A7D5C3C006BCC53 /* SnapKit in Frameworks */,
			);
			runOnlyForDeploymentPostprocessing = 0;
		};
/* End PBXFrameworksBuildPhase section */

/* Begin PBXGroup section */
		413F88292A842651000AFFB5 /* HistoryScreen */ = {
			isa = PBXGroup;
			children = (
				41834D8F2A86D1DE00E04379 /* Cell */,
				41834D832A8694D900E04379 /* View */,
				41834D822A8694D000E04379 /* Controllers */,
			);
			path = HistoryScreen;
			sourceTree = "<group>";
		};
		413F88322A843697000AFFB5 /* InfoScreen */ = {
			isa = PBXGroup;
			children = (
				413F88332A8436C3000AFFB5 /* InfoViewController.swift */,
				413F88352A8439CA000AFFB5 /* CustomButton.swift */,
			);
			path = InfoScreen;
			sourceTree = "<group>";
		};
		414D3F7B2A7D515F006BCC53 = {
			isa = PBXGroup;
			children = (
				414D3F862A7D515F006BCC53 /* EcoMarket */,
				414D3F852A7D515F006BCC53 /* Products */,
			);
			sourceTree = "<group>";
		};
		414D3F852A7D515F006BCC53 /* Products */ = {
			isa = PBXGroup;
			children = (
				414D3F842A7D515F006BCC53 /* EcoMarket.app */,
			);
			name = Products;
			sourceTree = "<group>";
		};
		414D3F862A7D515F006BCC53 /* EcoMarket */ = {
			isa = PBXGroup;
			children = (
				414D3F872A7D515F006BCC53 /* AppDelegate.swift */,
				414D3F892A7D515F006BCC53 /* SceneDelegate.swift */,
				414D3FA02A7D5E69006BCC53 /* Screens */,
				414D3F8D2A7D515F006BCC53 /* Main.storyboard */,
				419483052A7EEE4900EE5F54 /* Constants.swift */,
				41834D862A86ABA500E04379 /* Extension */,
				414D3F9E2A7D5CC4006BCC53 /* TabBarController.swift */,
				414D3F902A7D5160006BCC53 /* Assets.xcassets */,
				419482F72A7EB3EF00EE5F54 /* APICaller.swift */,
				414D3F922A7D5160006BCC53 /* LaunchScreen.storyboard */,
				414D3F952A7D5160006BCC53 /* Info.plist */,
			);
			path = EcoMarket;
			sourceTree = "<group>";
		};
		414D3FA02A7D5E69006BCC53 /* Screens */ = {
			isa = PBXGroup;
			children = (
				413F88322A843697000AFFB5 /* InfoScreen */,
				413F88292A842651000AFFB5 /* HistoryScreen */,
				41D6CF342A801C8500CCA963 /* BasketScreen */,
				419482EA2A7E6E8400EE5F54 /* DescriptionScreen */,
				414D3FA12A7D5E71006BCC53 /* MainScreen */,
			);
			path = Screens;
			sourceTree = "<group>";
		};
		414D3FA12A7D5E71006BCC53 /* MainScreen */ = {
			isa = PBXGroup;
			children = (
				419482E92A7E6CA300EE5F54 /* Controllers */,
				414D3FB32A7D8E47006BCC53 /* ViewModel */,
				414D3FB12A7D8E2F006BCC53 /* Monitor */,
				414D3FB02A7D8E24006BCC53 /* Model */,
				414D3FB22A7D8E3E006BCC53 /* Cell */,
			);
			path = MainScreen;
			sourceTree = "<group>";
		};
		414D3FB02A7D8E24006BCC53 /* Model */ = {
			isa = PBXGroup;
			children = (
				414D3FA62A7D6CAA006BCC53 /* Category.swift */,
			);
			path = Model;
			sourceTree = "<group>";
		};
		414D3FB12A7D8E2F006BCC53 /* Monitor */ = {
			isa = PBXGroup;
			children = (
				414D3FAE2A7D8311006BCC53 /* NetworkMonitor.swift */,
			);
			path = Monitor;
			sourceTree = "<group>";
		};
		414D3FB22A7D8E3E006BCC53 /* Cell */ = {
			isa = PBXGroup;
			children = (
				414D3FA22A7D5EA8006BCC53 /* CategoryCell.swift */,
			);
			path = Cell;
			sourceTree = "<group>";
		};
		414D3FB32A7D8E47006BCC53 /* ViewModel */ = {
			isa = PBXGroup;
			children = (
				414D3FAC2A7D807A006BCC53 /* ViewModel.swift */,
			);
			path = ViewModel;
			sourceTree = "<group>";
		};
		41834D7F2A86946100E04379 /* Controllers */ = {
			isa = PBXGroup;
			children = (
				41D6CF352A801CC600CCA963 /* BasketViewController.swift */,
				41834D7D2A8669A900E04379 /* ConfirmationVC.swift */,
			);
			path = Controllers;
			sourceTree = "<group>";
		};
		41834D802A86947200E04379 /* Views */ = {
			isa = PBXGroup;
			children = (
				41D6CF372A801E7E00CCA963 /* BasketCell.swift */,
				41834D7B2A862B0000E04379 /* InfoLines.swift */,
			);
			path = Views;
			sourceTree = "<group>";
		};
		41834D812A86947D00E04379 /* Model */ = {
			isa = PBXGroup;
			children = (
				413F882C2A8427B7000AFFB5 /* Order.swift */,
				41834D842A86A2F300E04379 /* OrderDemo.swift */,
			);
			path = Model;
			sourceTree = "<group>";
		};
		41834D822A8694D000E04379 /* Controllers */ = {
			isa = PBXGroup;
			children = (
				413F882A2A84267A000AFFB5 /* HistoryViewController.swift */,
				41834D892A86BA3900E04379 /* BillVC.swift */,
			);
			path = Controllers;
			sourceTree = "<group>";
		};
		41834D832A8694D900E04379 /* View */ = {
			isa = PBXGroup;
			children = (
				413F88302A8435A1000AFFB5 /* SectionHeader.swift */,
				41834D8D2A86C3E000E04379 /* GreenView.swift */,
			);
			path = View;
			sourceTree = "<group>";
		};
		41834D862A86ABA500E04379 /* Extension */ = {
			isa = PBXGroup;
			children = (
				41834D872A86ABBA00E04379 /* Notification.Name .swift */,
			);
			path = Extension;
			sourceTree = "<group>";
		};
		41834D8F2A86D1DE00E04379 /* Cell */ = {
			isa = PBXGroup;
			children = (
				413F882E2A842869000AFFB5 /* OrderCell.swift */,
				41834D8B2A86BAED00E04379 /* BillCell.swift */,
			);
			path = Cell;
			sourceTree = "<group>";
		};
		419482E92A7E6CA300EE5F54 /* Controllers */ = {
			isa = PBXGroup;
			children = (
				414D3F8B2A7D515F006BCC53 /* MainViewController.swift */,
				414D3FB42A7D9CC2006BCC53 /* CustomAlert.swift */,
			);
			path = Controllers;
			sourceTree = "<group>";
		};
		419482EA2A7E6E8400EE5F54 /* DescriptionScreen */ = {
			isa = PBXGroup;
			children = (
				419483022A7EEBAD00EE5F54 /* View */,
				419482FF2A7EDC0F00EE5F54 /* Cell */,
				419482FC2A7EDBF000EE5F54 /* Controller */,
				419482FD2A7EDBF800EE5F54 /* ViewModel */,
				419482FE2A7EDC0700EE5F54 /* Model */,
			);
			path = DescriptionScreen;
			sourceTree = "<group>";
		};
		419482FC2A7EDBF000EE5F54 /* Controller */ = {
			isa = PBXGroup;
			children = (
				419482EB2A7E6EB700EE5F54 /* ProductsViewController.swift */,
			);
			path = Controller;
			sourceTree = "<group>";
		};
		419482FD2A7EDBF800EE5F54 /* ViewModel */ = {
			isa = PBXGroup;
			children = (
				419482F52A7EB02E00EE5F54 /* ProductViewModel.swift */,
			);
			path = ViewModel;
			sourceTree = "<group>";
		};
		419482FE2A7EDC0700EE5F54 /* Model */ = {
			isa = PBXGroup;
			children = (
				419482F32A7EA29200EE5F54 /* Product.swift */,
			);
			path = Model;
			sourceTree = "<group>";
		};
		419482FF2A7EDC0F00EE5F54 /* Cell */ = {
			isa = PBXGroup;
			children = (
				419482ED2A7E6EDC00EE5F54 /* ProductCell.swift */,
				419483002A7EEB3C00EE5F54 /* SegmentCollectionViewCell.swift */,
				41D6CF322A7FE4A500CCA963 /* ButtonPlusView.swift */,
			);
			path = Cell;
			sourceTree = "<group>";
		};
		419483022A7EEBAD00EE5F54 /* View */ = {
			isa = PBXGroup;
			children = (
				419483032A7EEBC100EE5F54 /* HeaderView.swift */,
			);
			path = View;
			sourceTree = "<group>";
		};
		41D6CF342A801C8500CCA963 /* BasketScreen */ = {
			isa = PBXGroup;
			children = (
				41834D812A86947D00E04379 /* Model */,
				41834D7F2A86946100E04379 /* Controllers */,
				41834D802A86947200E04379 /* Views */,
				41C42C222A8037B3002F271B /* BasketManager.swift */,
			);
			path = BasketScreen;
			sourceTree = "<group>";
		};
/* End PBXGroup section */

/* Begin PBXNativeTarget section */
		414D3F832A7D515F006BCC53 /* EcoMarket */ = {
			isa = PBXNativeTarget;
			buildConfigurationList = 414D3F982A7D5160006BCC53 /* Build configuration list for PBXNativeTarget "EcoMarket" */;
			buildPhases = (
				414D3F802A7D515F006BCC53 /* Sources */,
				414D3F812A7D515F006BCC53 /* Frameworks */,
				414D3F822A7D515F006BCC53 /* Resources */,
			);
			buildRules = (
			);
			dependencies = (
			);
			name = EcoMarket;
			packageProductDependencies = (
				414D3F9C2A7D5C3C006BCC53 /* SnapKit */,
				4136EBF42A82C85B006525C8 /* Kingfisher */,
			);
			productName = EcoMarket;
			productReference = 414D3F842A7D515F006BCC53 /* EcoMarket.app */;
			productType = "com.apple.product-type.application";
		};
/* End PBXNativeTarget section */

/* Begin PBXProject section */
		414D3F7C2A7D515F006BCC53 /* Project object */ = {
			isa = PBXProject;
			attributes = {
				BuildIndependentTargetsInParallel = 1;
				LastSwiftUpdateCheck = 1410;
				LastUpgradeCheck = 1410;
				TargetAttributes = {
					414D3F832A7D515F006BCC53 = {
						CreatedOnToolsVersion = 14.1;
					};
				};
			};
			buildConfigurationList = 414D3F7F2A7D515F006BCC53 /* Build configuration list for PBXProject "EcoMarket" */;
			compatibilityVersion = "Xcode 14.0";
			developmentRegion = en;
			hasScannedForEncodings = 0;
			knownRegions = (
				en,
				Base,
			);
			mainGroup = 414D3F7B2A7D515F006BCC53;
			packageReferences = (
				414D3F9B2A7D5C3C006BCC53 /* XCRemoteSwiftPackageReference "SnapKit" */,
				4136EBF32A82C85B006525C8 /* XCRemoteSwiftPackageReference "Kingfisher" */,
				41834D762A8609BF00E04379 /* XCRemoteSwiftPackageReference "RxSwift" */,
			);
			productRefGroup = 414D3F852A7D515F006BCC53 /* Products */;
			projectDirPath = "";
			projectRoot = "";
			targets = (
				414D3F832A7D515F006BCC53 /* EcoMarket */,
			);
		};
/* End PBXProject section */

/* Begin PBXResourcesBuildPhase section */
		414D3F822A7D515F006BCC53 /* Resources */ = {
			isa = PBXResourcesBuildPhase;
			buildActionMask = 2147483647;
			files = (
				414D3F942A7D5160006BCC53 /* LaunchScreen.storyboard in Resources */,
				414D3F912A7D5160006BCC53 /* Assets.xcassets in Resources */,
				414D3F8F2A7D515F006BCC53 /* Main.storyboard in Resources */,
			);
			runOnlyForDeploymentPostprocessing = 0;
		};
/* End PBXResourcesBuildPhase section */

/* Begin PBXSourcesBuildPhase section */
		414D3F802A7D515F006BCC53 /* Sources */ = {
			isa = PBXSourcesBuildPhase;
			buildActionMask = 2147483647;
			files = (
				414D3F8C2A7D515F006BCC53 /* MainViewController.swift in Sources */,
				419483012A7EEB3C00EE5F54 /* SegmentCollectionViewCell.swift in Sources */,
				413F88362A8439CA000AFFB5 /* CustomButton.swift in Sources */,
				41834D8A2A86BA3900E04379 /* BillVC.swift in Sources */,
				413F88312A8435A1000AFFB5 /* SectionHeader.swift in Sources */,
				414D3FAD2A7D807A006BCC53 /* ViewModel.swift in Sources */,
				419482EE2A7E6EDD00EE5F54 /* ProductCell.swift in Sources */,
				419482F82A7EB3EF00EE5F54 /* APICaller.swift in Sources */,
				413F882B2A84267A000AFFB5 /* HistoryViewController.swift in Sources */,
				414D3F882A7D515F006BCC53 /* AppDelegate.swift in Sources */,
				41D6CF332A7FE4A500CCA963 /* ButtonPlusView.swift in Sources */,
				41C42C232A8037B3002F271B /* BasketManager.swift in Sources */,
				414D3FB52A7D9CC2006BCC53 /* CustomAlert.swift in Sources */,
				419482F62A7EB02E00EE5F54 /* ProductViewModel.swift in Sources */,
				41834D7C2A862B0000E04379 /* InfoLines.swift in Sources */,
				41834D8C2A86BAED00E04379 /* BillCell.swift in Sources */,
				419482F42A7EA29200EE5F54 /* Product.swift in Sources */,
				419482EC2A7E6EB700EE5F54 /* ProductsViewController.swift in Sources */,
				414D3F9F2A7D5CC4006BCC53 /* TabBarController.swift in Sources */,
				419483062A7EEE4900EE5F54 /* Constants.swift in Sources */,
				41834D8E2A86C3E000E04379 /* GreenView.swift in Sources */,
				414D3F8A2A7D515F006BCC53 /* SceneDelegate.swift in Sources */,
				41834D882A86ABBA00E04379 /* Notification.Name .swift in Sources */,
				41D6CF362A801CC600CCA963 /* BasketViewController.swift in Sources */,
				414D3FA32A7D5EA8006BCC53 /* CategoryCell.swift in Sources */,
				414D3FAF2A7D8311006BCC53 /* NetworkMonitor.swift in Sources */,
				41D6CF382A801E7E00CCA963 /* BasketCell.swift in Sources */,
				413F882D2A8427B7000AFFB5 /* Order.swift in Sources */,
				413F88342A8436C3000AFFB5 /* InfoViewController.swift in Sources */,
				41834D852A86A2F300E04379 /* OrderDemo.swift in Sources */,
				41834D7E2A8669A900E04379 /* ConfirmationVC.swift in Sources */,
				414D3FA72A7D6CAA006BCC53 /* Category.swift in Sources */,
				413F882F2A842869000AFFB5 /* OrderCell.swift in Sources */,
				419483042A7EEBC100EE5F54 /* HeaderView.swift in Sources */,
			);
			runOnlyForDeploymentPostprocessing = 0;
		};
/* End PBXSourcesBuildPhase section */

/* Begin PBXVariantGroup section */
		414D3F8D2A7D515F006BCC53 /* Main.storyboard */ = {
			isa = PBXVariantGroup;
			children = (
				414D3F8E2A7D515F006BCC53 /* Base */,
			);
			name = Main.storyboard;
			sourceTree = "<group>";
		};
		414D3F922A7D5160006BCC53 /* LaunchScreen.storyboard */ = {
			isa = PBXVariantGroup;
			children = (
				414D3F932A7D5160006BCC53 /* Base */,
			);
			name = LaunchScreen.storyboard;
			sourceTree = "<group>";
		};
/* End PBXVariantGroup section */

/* Begin XCBuildConfiguration section */
		414D3F962A7D5160006BCC53 /* Debug */ = {
			isa = XCBuildConfiguration;
			buildSettings = {
				ALWAYS_SEARCH_USER_PATHS = NO;
				CLANG_ANALYZER_NONNULL = YES;
				CLANG_ANALYZER_NUMBER_OBJECT_CONVERSION = YES_AGGRESSIVE;
				CLANG_CXX_LANGUAGE_STANDARD = "gnu++20";
				CLANG_ENABLE_MODULES = YES;
				CLANG_ENABLE_OBJC_ARC = YES;
				CLANG_ENABLE_OBJC_WEAK = YES;
				CLANG_WARN_BLOCK_CAPTURE_AUTORELEASING = YES;
				CLANG_WARN_BOOL_CONVERSION = YES;
				CLANG_WARN_COMMA = YES;
				CLANG_WARN_CONSTANT_CONVERSION = YES;
				CLANG_WARN_DEPRECATED_OBJC_IMPLEMENTATIONS = YES;
				CLANG_WARN_DIRECT_OBJC_ISA_USAGE = YES_ERROR;
				CLANG_WARN_DOCUMENTATION_COMMENTS = YES;
				CLANG_WARN_EMPTY_BODY = YES;
				CLANG_WARN_ENUM_CONVERSION = YES;
				CLANG_WARN_INFINITE_RECURSION = YES;
				CLANG_WARN_INT_CONVERSION = YES;
				CLANG_WARN_NON_LITERAL_NULL_CONVERSION = YES;
				CLANG_WARN_OBJC_IMPLICIT_RETAIN_SELF = YES;
				CLANG_WARN_OBJC_LITERAL_CONVERSION = YES;
				CLANG_WARN_OBJC_ROOT_CLASS = YES_ERROR;
				CLANG_WARN_QUOTED_INCLUDE_IN_FRAMEWORK_HEADER = YES;
				CLANG_WARN_RANGE_LOOP_ANALYSIS = YES;
				CLANG_WARN_STRICT_PROTOTYPES = YES;
				CLANG_WARN_SUSPICIOUS_MOVE = YES;
				CLANG_WARN_UNGUARDED_AVAILABILITY = YES_AGGRESSIVE;
				CLANG_WARN_UNREACHABLE_CODE = YES;
				CLANG_WARN__DUPLICATE_METHOD_MATCH = YES;
				COPY_PHASE_STRIP = NO;
				DEBUG_INFORMATION_FORMAT = dwarf;
				ENABLE_STRICT_OBJC_MSGSEND = YES;
				ENABLE_TESTABILITY = YES;
				GCC_C_LANGUAGE_STANDARD = gnu11;
				GCC_DYNAMIC_NO_PIC = NO;
				GCC_NO_COMMON_BLOCKS = YES;
				GCC_OPTIMIZATION_LEVEL = 0;
				GCC_PREPROCESSOR_DEFINITIONS = (
					"DEBUG=1",
					"$(inherited)",
				);
				GCC_WARN_64_TO_32_BIT_CONVERSION = YES;
				GCC_WARN_ABOUT_RETURN_TYPE = YES_ERROR;
				GCC_WARN_UNDECLARED_SELECTOR = YES;
				GCC_WARN_UNINITIALIZED_AUTOS = YES_AGGRESSIVE;
				GCC_WARN_UNUSED_FUNCTION = YES;
				GCC_WARN_UNUSED_VARIABLE = YES;
				IPHONEOS_DEPLOYMENT_TARGET = 16.1;
				MTL_ENABLE_DEBUG_INFO = INCLUDE_SOURCE;
				MTL_FAST_MATH = YES;
				ONLY_ACTIVE_ARCH = YES;
				SDKROOT = iphoneos;
				SWIFT_ACTIVE_COMPILATION_CONDITIONS = DEBUG;
				SWIFT_OPTIMIZATION_LEVEL = "-Onone";
			};
			name = Debug;
		};
		414D3F972A7D5160006BCC53 /* Release */ = {
			isa = XCBuildConfiguration;
			buildSettings = {
				ALWAYS_SEARCH_USER_PATHS = NO;
				CLANG_ANALYZER_NONNULL = YES;
				CLANG_ANALYZER_NUMBER_OBJECT_CONVERSION = YES_AGGRESSIVE;
				CLANG_CXX_LANGUAGE_STANDARD = "gnu++20";
				CLANG_ENABLE_MODULES = YES;
				CLANG_ENABLE_OBJC_ARC = YES;
				CLANG_ENABLE_OBJC_WEAK = YES;
				CLANG_WARN_BLOCK_CAPTURE_AUTORELEASING = YES;
				CLANG_WARN_BOOL_CONVERSION = YES;
				CLANG_WARN_COMMA = YES;
				CLANG_WARN_CONSTANT_CONVERSION = YES;
				CLANG_WARN_DEPRECATED_OBJC_IMPLEMENTATIONS = YES;
				CLANG_WARN_DIRECT_OBJC_ISA_USAGE = YES_ERROR;
				CLANG_WARN_DOCUMENTATION_COMMENTS = YES;
				CLANG_WARN_EMPTY_BODY = YES;
				CLANG_WARN_ENUM_CONVERSION = YES;
				CLANG_WARN_INFINITE_RECURSION = YES;
				CLANG_WARN_INT_CONVERSION = YES;
				CLANG_WARN_NON_LITERAL_NULL_CONVERSION = YES;
				CLANG_WARN_OBJC_IMPLICIT_RETAIN_SELF = YES;
				CLANG_WARN_OBJC_LITERAL_CONVERSION = YES;
				CLANG_WARN_OBJC_ROOT_CLASS = YES_ERROR;
				CLANG_WARN_QUOTED_INCLUDE_IN_FRAMEWORK_HEADER = YES;
				CLANG_WARN_RANGE_LOOP_ANALYSIS = YES;
				CLANG_WARN_STRICT_PROTOTYPES = YES;
				CLANG_WARN_SUSPICIOUS_MOVE = YES;
				CLANG_WARN_UNGUARDED_AVAILABILITY = YES_AGGRESSIVE;
				CLANG_WARN_UNREACHABLE_CODE = YES;
				CLANG_WARN__DUPLICATE_METHOD_MATCH = YES;
				COPY_PHASE_STRIP = NO;
				DEBUG_INFORMATION_FORMAT = "dwarf-with-dsym";
				ENABLE_NS_ASSERTIONS = NO;
				ENABLE_STRICT_OBJC_MSGSEND = YES;
				GCC_C_LANGUAGE_STANDARD = gnu11;
				GCC_NO_COMMON_BLOCKS = YES;
				GCC_WARN_64_TO_32_BIT_CONVERSION = YES;
				GCC_WARN_ABOUT_RETURN_TYPE = YES_ERROR;
				GCC_WARN_UNDECLARED_SELECTOR = YES;
				GCC_WARN_UNINITIALIZED_AUTOS = YES_AGGRESSIVE;
				GCC_WARN_UNUSED_FUNCTION = YES;
				GCC_WARN_UNUSED_VARIABLE = YES;
				IPHONEOS_DEPLOYMENT_TARGET = 16.1;
				MTL_ENABLE_DEBUG_INFO = NO;
				MTL_FAST_MATH = YES;
				SDKROOT = iphoneos;
				SWIFT_COMPILATION_MODE = wholemodule;
				SWIFT_OPTIMIZATION_LEVEL = "-O";
				VALIDATE_PRODUCT = YES;
			};
			name = Release;
		};
		414D3F992A7D5160006BCC53 /* Debug */ = {
			isa = XCBuildConfiguration;
			buildSettings = {
				ASSETCATALOG_COMPILER_APPICON_NAME = AppIcon;
				ASSETCATALOG_COMPILER_GLOBAL_ACCENT_COLOR_NAME = AccentColor;
				CODE_SIGN_STYLE = Automatic;
				CURRENT_PROJECT_VERSION = 1;
				DEVELOPMENT_TEAM = 8BB3UWB5NY;
				GENERATE_INFOPLIST_FILE = YES;
				INFOPLIST_FILE = EcoMarket/Info.plist;
				INFOPLIST_KEY_UIApplicationSupportsIndirectInputEvents = YES;
				INFOPLIST_KEY_UILaunchStoryboardName = LaunchScreen;
				INFOPLIST_KEY_UIMainStoryboardFile = Main;
				INFOPLIST_KEY_UISupportedInterfaceOrientations_iPad = "UIInterfaceOrientationPortrait UIInterfaceOrientationPortraitUpsideDown UIInterfaceOrientationLandscapeLeft UIInterfaceOrientationLandscapeRight";
				INFOPLIST_KEY_UISupportedInterfaceOrientations_iPhone = "UIInterfaceOrientationPortrait UIInterfaceOrientationLandscapeLeft UIInterfaceOrientationLandscapeRight";
				LD_RUNPATH_SEARCH_PATHS = (
					"$(inherited)",
					"@executable_path/Frameworks",
				);
				MARKETING_VERSION = 1.0;
				PRODUCT_BUNDLE_IDENTIFIER = com.ali.EcoMarket;
				PRODUCT_NAME = "$(TARGET_NAME)";
				SWIFT_EMIT_LOC_STRINGS = YES;
				SWIFT_VERSION = 5.0;
				TARGETED_DEVICE_FAMILY = "1,2";
			};
			name = Debug;
		};
		414D3F9A2A7D5160006BCC53 /* Release */ = {
			isa = XCBuildConfiguration;
			buildSettings = {
				ASSETCATALOG_COMPILER_APPICON_NAME = AppIcon;
				ASSETCATALOG_COMPILER_GLOBAL_ACCENT_COLOR_NAME = AccentColor;
				CODE_SIGN_STYLE = Automatic;
				CURRENT_PROJECT_VERSION = 1;
				DEVELOPMENT_TEAM = 8BB3UWB5NY;
				GENERATE_INFOPLIST_FILE = YES;
				INFOPLIST_FILE = EcoMarket/Info.plist;
				INFOPLIST_KEY_UIApplicationSupportsIndirectInputEvents = YES;
				INFOPLIST_KEY_UILaunchStoryboardName = LaunchScreen;
				INFOPLIST_KEY_UIMainStoryboardFile = Main;
				INFOPLIST_KEY_UISupportedInterfaceOrientations_iPad = "UIInterfaceOrientationPortrait UIInterfaceOrientationPortraitUpsideDown UIInterfaceOrientationLandscapeLeft UIInterfaceOrientationLandscapeRight";
				INFOPLIST_KEY_UISupportedInterfaceOrientations_iPhone = "UIInterfaceOrientationPortrait UIInterfaceOrientationLandscapeLeft UIInterfaceOrientationLandscapeRight";
				LD_RUNPATH_SEARCH_PATHS = (
					"$(inherited)",
					"@executable_path/Frameworks",
				);
				MARKETING_VERSION = 1.0;
				PRODUCT_BUNDLE_IDENTIFIER = com.ali.EcoMarket;
				PRODUCT_NAME = "$(TARGET_NAME)";
				SWIFT_EMIT_LOC_STRINGS = YES;
				SWIFT_VERSION = 5.0;
				TARGETED_DEVICE_FAMILY = "1,2";
			};
			name = Release;
		};
/* End XCBuildConfiguration section */

/* Begin XCConfigurationList section */
		414D3F7F2A7D515F006BCC53 /* Build configuration list for PBXProject "EcoMarket" */ = {
			isa = XCConfigurationList;
			buildConfigurations = (
				414D3F962A7D5160006BCC53 /* Debug */,
				414D3F972A7D5160006BCC53 /* Release */,
			);
			defaultConfigurationIsVisible = 0;
			defaultConfigurationName = Release;
		};
		414D3F982A7D5160006BCC53 /* Build configuration list for PBXNativeTarget "EcoMarket" */ = {
			isa = XCConfigurationList;
			buildConfigurations = (
				414D3F992A7D5160006BCC53 /* Debug */,
				414D3F9A2A7D5160006BCC53 /* Release */,
			);
			defaultConfigurationIsVisible = 0;
			defaultConfigurationName = Release;
		};
/* End XCConfigurationList section */

/* Begin XCRemoteSwiftPackageReference section */
		4136EBF32A82C85B006525C8 /* XCRemoteSwiftPackageReference "Kingfisher" */ = {
			isa = XCRemoteSwiftPackageReference;
			repositoryURL = "https://github.com/onevcat/Kingfisher.git";
			requirement = {
				kind = upToNextMajorVersion;
				minimumVersion = 7.0.0;
			};
		};
		414D3F9B2A7D5C3C006BCC53 /* XCRemoteSwiftPackageReference "SnapKit" */ = {
			isa = XCRemoteSwiftPackageReference;
			repositoryURL = "https://github.com/SnapKit/SnapKit";
			requirement = {
				branch = develop;
				kind = branch;
			};
		};
		41834D762A8609BF00E04379 /* XCRemoteSwiftPackageReference "RxSwift" */ = {
			isa = XCRemoteSwiftPackageReference;
			repositoryURL = "https://github.com/ReactiveX/RxSwift.git";
			requirement = {
				kind = upToNextMajorVersion;
				minimumVersion = 6.0.0;
			};
		};
/* End XCRemoteSwiftPackageReference section */

/* Begin XCSwiftPackageProductDependency section */
		4136EBF42A82C85B006525C8 /* Kingfisher */ = {
			isa = XCSwiftPackageProductDependency;
			package = 4136EBF32A82C85B006525C8 /* XCRemoteSwiftPackageReference "Kingfisher" */;
			productName = Kingfisher;
		};
		414D3F9C2A7D5C3C006BCC53 /* SnapKit */ = {
			isa = XCSwiftPackageProductDependency;
			package = 414D3F9B2A7D5C3C006BCC53 /* XCRemoteSwiftPackageReference "SnapKit" */;
			productName = SnapKit;
		};
/* End XCSwiftPackageProductDependency section */
	};
	rootObject = 414D3F7C2A7D515F006BCC53 /* Project object */;
}
